
Microsoft Visual Studio Solution File, Format Version 12.00
# Visual Studio Version 16
VisualStudioVersion = 16.0.31005.135
MinimumVisualStudioVersion = 10.0.40219.1
Project("{E24C65DC-7377-472B-9ABA-BC803B73C61A}") = "Online_Book_Store_ASP_2017_2019", "..\..\..\Downloads\Online Book Store\Online_Book_Store_ASP_2017_2019\", "{4ECFEE3C-61AD-4FB7-8C93-601261732F09}"
	ProjectSection(WebsiteProperties) = preProject
		TargetFrameworkMoniker = ".NETFramework,Version%3Dv4.5.2"
		Debug.AspNetCompiler.VirtualPath = "/localhost_60131"
		Debug.AspNetCompiler.PhysicalPath = "..\..\..\Downloads\Online Book Store\Online_Book_Store_ASP_2017_2019\"
		Debug.AspNetCompiler.TargetPath = "PrecompiledWeb\localhost_60131\"
		Debug.AspNetCompiler.Updateable = "true"
		Debug.AspNetCompiler.ForceOverwrite = "true"
		Debug.AspNetCompiler.FixedNames = "false"
		Debug.AspNetCompiler.Debug = "True"
		Release.AspNetCompiler.VirtualPath = "/localhost_60131"
		Release.AspNetCompiler.PhysicalPath = "..\..\..\Downloads\Online Book Store\Online_Book_Store_ASP_2017_2019\"
		Release.AspNetCompiler.TargetPath = "PrecompiledWeb\localhost_60131\"
		Release.AspNetCompiler.Updateable = "true"
		Release.AspNetCompiler.ForceOverwrite = "true"
		Release.AspNetCompiler.FixedNames = "false"
		Release.AspNetCompiler.Debug = "False"
		VWDPort = "60131"
	EndProjectSection
EndProject
Global
	GlobalSection(SolutionConfigurationPlatforms) = preSolution
		Debug|Any CPU = Debug|Any CPU
	EndGlobalSection
	GlobalSection(ProjectConfigurationPlatforms) = postSolution
		{4ECFEE3C-61AD-4FB7-8C93-601261732F09}.Debug|Any CPU.ActiveCfg = Debug|Any CPU
		{4ECFEE3C-61AD-4FB7-8C93-601261732F09}.Debug|Any CPU.Build.0 = Debug|Any CPU
	EndGlobalSection
	GlobalSection(SolutionProperties) = preSolution
		HideSolutionNode = FALSE
	EndGlobalSection
	GlobalSection(ExtensibilityGlobals) = postSolution
		SolutionGuid = {A250BF99-F7FD-47CD-95F6-8A697261AF8B}
	EndGlobalSection
EndGlobal
